
Microsoft Visual Studio Solution File, Format Version 12.00
# Visual Studio Version 16
VisualStudioVersion = 16.0.32002.261
MinimumVisualStudioVersion = 10.0.40219.1
Project("{FAE04EC0-301F-11D3-BF4B-00C04F79EFBC}") = "ConsoleDemo", "ConsoleDemo\ConsoleDemo.csproj", "{CCB09D3E-720D-40DD-B956-6ADF8C2EF911}"
EndProject
Global
	GlobalSection(SolutionConfigurationPlatforms) = preSolution
		Debug|Any CPU = Debug|Any CPU
		Release|Any CPU = Release|Any CPU
	EndGlobalSection
	GlobalSection(ProjectConfigurationPlatforms) = postSolution
		{CCB09D3E-720D-40DD-B956-6ADF8C2EF911}.Debug|Any CPU.ActiveCfg = Debug|Any CPU
		{CCB09D3E-720D-40DD-B956-6ADF8C2EF911}.Debug|Any CPU.Build.0 = Debug|Any CPU
		{CCB09D3E-720D-40DD-B956-6ADF8C2EF911}.Release|Any CPU.ActiveCfg = Release|Any CPU
		{CCB09D3E-720D-40DD-B956-6ADF8C2EF911}.Release|Any CPU.Build.0 = Release|Any CPU
	EndGlobalSection
	GlobalSection(SolutionProperties) = preSolution
		HideSolutionNode = FALSE
	EndGlobalSection
	GlobalSection(ExtensibilityGlobals) = postSolution
		SolutionGuid = {7ABA3DD3-7FD5-4E76-B1A9-28BB412AD972}
	EndGlobalSection
EndGlobal
